{
  "nodes": {
    "dbmain-nix": {
      "inputs": {
        "nixpkgs": [
          "nixpkgs"
        ]
      },
      "locked": {
        "lastModified": 1771260914,
        "narHash": "sha256-asEnF2nBSjbjJcohlqZcVKfKJiPRdkotPovdt5w3io4=",
        "ref": "refs/tags/v11.0.2",
        "rev": "eeae96e3221203cd4d954f6a99634834d9b49ae0",
        "revCount": 4,
        "type": "git",
        "url": "https://codeberg.org/leoflo/dbmain-nix"
      },
      "original": {
        "ref": "refs/tags/v11.0.2",
        "type": "git",
        "url": "https://codeberg.org/leoflo/dbmain-nix"
      }
    },
    "home-manager": {
      "inputs": {
        "nixpkgs": [
          "nixpkgs"
        ]
      },
      "locked": {
        "lastModified": 1772218752,
        "narHash": "sha256-G8nArvOTZXU8DRvrzAdz3Elcj6kA/vMtvY9mrGLATtA=",
        "owner": "nix-community",
        "repo": "home-manager",
        "rev": "f3a30376bb9eb2f6f61816be7d6ed954b6d2a3b9",
        "type": "github"
      },
      "original": {
        "owner": "nix-community",
        "ref": "master",
        "repo": "home-manager",
        "type": "github"
      }
    },
    "nixos-hardware": {
      "locked": {
        "lastModified": 1771969195,
        "narHash": "sha256-qwcDBtrRvJbrrnv1lf/pREQi8t2hWZxVAyeMo7/E9sw=",
        "owner": "nixos",
        "repo": "nixos-hardware",
        "rev": "41c6b421bdc301b2624486e11905c9af7b8ec68e",
        "type": "github"
      },
      "original": {
        "owner": "nixos",
        "ref": "master",
        "repo": "nixos-hardware",
        "type": "github"
      }
    },
    "nixpkgs": {
      "locked": {
        "lastModified": 1771848320,
        "narHash": "sha256-0MAd+0mun3K/Ns8JATeHT1sX28faLII5hVLq0L3BdZU=",
        "owner": "nixos",
        "repo": "nixpkgs",
        "rev": "2fc6539b481e1d2569f25f8799236694180c0993",
        "type": "github"
      },
      "original": {
        "owner": "nixos",
        "ref": "nixos-unstable",
        "repo": "nixpkgs",
        "type": "github"
      }
    },
    "root": {
      "inputs": {
        "dbmain-nix": "dbmain-nix",
        "home-manager": "home-manager",
        "nixos-hardware": "nixos-hardware",
        "nixpkgs": "nixpkgs",
        "xfce4-hiddenapps-plugin": "xfce4-hiddenapps-plugin"
      }
    },
    "xfce4-hiddenapps-plugin": {
      "inputs": {
        "nixpkgs": [
          "nixpkgs"
        ]
      },
      "locked": {
        "lastModified": 1770587778,
        "narHash": "sha256-KYa+UOP1Q3OE/X8MHl7l48KIPdCSspd/o2OshQ2NLOk=",
        "ref": "refs/tags/v0.0.1",
        "rev": "15605b8101f7f6f7e643e6a799808f4c3c671572",
        "revCount": 628,
        "type": "git",
        "url": "https://codeberg.org/leoflo/xfce4-hiddenapps-plugin"
      },
      "original": {
        "ref": "refs/tags/v0.0.1",
        "type": "git",
        "url": "https://codeberg.org/leoflo/xfce4-hiddenapps-plugin"
      }
    }
  },
  "root": "root",
  "version": 7
}
